
Microsoft Visual Studio Solution File, Format Version 12.00
# Visual Studio Version 16
VisualStudioVersion = 16.0.30011.22
MinimumVisualStudioVersion = 10.0.40219.1
Project("{FAE04EC0-301F-11D3-BF4B-00C04F79EFBC}") = "Algorithms", "HackerRank\Algorithms.csproj", "{623C8D61-3B3F-44BE-A5CE-B5C60120424D}"
EndProject
Global
	GlobalSection(SolutionConfigurationPlatforms) = preSolution
		Debug|Any CPU = Debug|Any CPU
		Release|Any CPU = Release|Any CPU
	EndGlobalSection
	GlobalSection(ProjectConfigurationPlatforms) = postSolution
		{623C8D61-3B3F-44BE-A5CE-B5C60120424D}.Debug|Any CPU.ActiveCfg = Debug|Any CPU
		{623C8D61-3B3F-44BE-A5CE-B5C60120424D}.Debug|Any CPU.Build.0 = Debug|Any CPU
		{623C8D61-3B3F-44BE-A5CE-B5C60120424D}.Release|Any CPU.ActiveCfg = Release|Any CPU
		{623C8D61-3B3F-44BE-A5CE-B5C60120424D}.Release|Any CPU.Build.0 = Release|Any CPU
	EndGlobalSection
	GlobalSection(SolutionProperties) = preSolution
		HideSolutionNode = FALSE
	EndGlobalSection
	GlobalSection(ExtensibilityGlobals) = postSolution
		SolutionGuid = {29126872-D28D-450C-B68E-76E2127958A0}
	EndGlobalSection
EndGlobal
